{
  "nodes": {
    "alpha": {
      "inputs": {
        "utils": [
          "utils"
        ]
      },
      "locked": {
        "lastModified": 1742712617,
        "narHash": "sha256-UmZsbFU4sbgAGS8NrFLBdKnKtW485DTvLhSO5uduHUk=",
        "owner": "NewDawn0",
        "repo": "alpha",
        "rev": "d4078d8df5ae3eef972bac3e124e17195642ad88",
        "type": "github"
      },
      "original": {
        "owner": "NewDawn0",
        "repo": "alpha",
        "type": "github"
      }
    },
    "ansi": {
      "inputs": {
        "utils": "utils"
      },
      "locked": {
        "lastModified": 1743853864,
        "narHash": "sha256-JV/LomyMg++TdwjGFEkEvj7Bk6n65MNP+rGVQqBxSmw=",
        "owner": "NewDawn0",
        "repo": "ansi",
        "rev": "50908ae115a1c9b7e6fbc1159ecd206133473c6f",
        "type": "github"
      },
      "original": {
        "owner": "NewDawn0",
        "repo": "ansi",
        "type": "github"
      }
    },
    "asciiWeather": {
      "inputs": {
        "utils": [
          "utils"
        ]
      },
      "locked": {
        "lastModified": 1743854125,
        "narHash": "sha256-0bT+/mnD3jDd722iPyeqcsgcW598t8sP6nT5qmFU1bg=",
        "owner": "NewDawn0",
        "repo": "asciiWeather",
        "rev": "475e9e508a1da126e51e5fb57f27f1f965d79951",
        "type": "github"
      },
      "original": {
        "owner": "NewDawn0",
        "repo": "asciiWeather",
        "type": "github"
      }
    },
    "b16-nvim": {
      "inputs": {
        "utils": [
          "nvimConfig",
          "utils"
        ]
      },
      "locked": {
        "lastModified": 1743264965,
        "narHash": "sha256-elHnhf5DO+TAyPyKyJ0WLjk+q4FnYN1VjviRpHTY/vA=",
        "path": "/Users/dawn/GitHub/b16.nvim",
        "type": "path"
      },
      "original": {
        "path": "/Users/dawn/GitHub/b16.nvim",
        "type": "path"
      }
    },
    "build-nvim": {
      "inputs": {
        "utils": [
          "nvimConfig",
          "utils"
        ]
      },
      "locked": {
        "lastModified": 1742711049,
        "narHash": "sha256-uIJQi3ANsOuMIzmH6UpfN0FCL0IAGCjY4BoTuSf6mg0=",
        "owner": "NewDawn0",
        "repo": "build.nvim",
        "rev": "2ccca189a5e651afd3e4a932fac26ba35c78ff74",
        "type": "github"
      },
      "original": {
        "owner": "NewDawn0",
        "repo": "build.nvim",
        "type": "github"
      }
    },
    "cmp-locked": {
      "inputs": {
        "utils": "utils_2"
      },
      "locked": {
        "lastModified": 1742710944,
        "narHash": "sha256-S8vsGesoq8ql1rPgYrkfR2PVL7rt2w+4rTrUn8Id7Ng=",
        "owner": "NewDawn0",
        "repo": "nvimCmpLocked",
        "rev": "3dfac987a327a7f3de3a7044d2fc824fcb6d4342",
        "type": "github"
      },
      "original": {
        "owner": "NewDawn0",
        "repo": "nvimCmpLocked",
        "type": "github"
      }
    },
    "dirStack": {
      "inputs": {
        "utils": [
          "utils"
        ]
      },
      "locked": {
        "lastModified": 1743858641,
        "narHash": "sha256-9iyb97X2KCOtWw05d3bZdgdJ+IEY8UKxzqA2XPixGdE=",
        "owner": "NewDawn0",
        "repo": "dirStack",
        "rev": "944dc7563fdcc9c97dd9d2dcd5da2e37e0e90e64",
        "type": "github"
      },
      "original": {
        "owner": "NewDawn0",
        "repo": "dirStack",
        "type": "github"
      }
    },
    "ex": {
      "inputs": {
        "utils": [
          "utils"
        ]
      },
      "locked": {
        "lastModified": 1743854326,
        "narHash": "sha256-hpHQTK3is8swL0WDJ0lmYju7Xz6Vz5fIn5juLUck2Fw=",
        "owner": "NewDawn0",
        "repo": "ex",
        "rev": "f7bf1e9a5468965da3d8519ccc104ad10e93d2a1",
        "type": "github"
      },
      "original": {
        "owner": "NewDawn0",
        "repo": "ex",
        "type": "github"
      }
    },
    "gen": {
      "inputs": {
        "utils": [
          "utils"
        ]
      },
      "locked": {
        "lastModified": 1743854491,
        "narHash": "sha256-TlhV6xY/Fhi3WGn9FOjbLIy2tb7VPOazgfUgPbL3qg0=",
        "owner": "NewDawn0",
        "repo": "gen",
        "rev": "1ee205db0caa15357c80e8d87130aa19a189e842",
        "type": "github"
      },
      "original": {
        "owner": "NewDawn0",
        "repo": "gen",
        "type": "github"
      }
    },
    "hxConfig": {
      "inputs": {
        "utils": [
          "utils"
        ]
      },
      "locked": {
        "lastModified": 1743854579,
        "narHash": "sha256-xBNBJaZ5aNglsoLtqO7M1bxgkV7KSXXEopMPO/gEgjU=",
        "owner": "NewDawn0",
        "repo": "hxConfig",
        "rev": "02f79f92d47d5248aa819ce107d423e194d194c1",
        "type": "github"
      },
      "original": {
        "owner": "NewDawn0",
        "repo": "hxConfig",
        "type": "github"
      }
    },
    "loader-nvim": {
      "inputs": {
        "utils": [
          "nvimConfig",
          "utils"
        ]
      },
      "locked": {
        "lastModified": 1743139712,
        "narHash": "sha256-CR9akCb+Z5VksDHVAQ5ssJWnWNhJtQNjGku4m/QQBnQ=",
        "owner": "NewDawn0",
        "repo": "loader.nvim",
        "rev": "77845b2977f17ca708e505b800527e927be9d7ea",
        "type": "github"
      },
      "original": {
        "owner": "NewDawn0",
        "repo": "loader.nvim",
        "type": "github"
      }
    },
    "nix-systems": {
      "locked": {
        "lastModified": 1681028828,
        "narHash": "sha256-Vy1rq5AaRuLzOxct8nz4T6wlgyUR7zLU309k9mBC768=",
        "owner": "nix-systems",
        "repo": "default",
        "rev": "da67096a3b9bf56a91d16901293e51ba5b49a27e",
        "type": "github"
      },
      "original": {
        "owner": "nix-systems",
        "repo": "default",
        "type": "github"
      }
    },
    "nix-systems_2": {
      "locked": {
        "lastModified": 1681028828,
        "narHash": "sha256-Vy1rq5AaRuLzOxct8nz4T6wlgyUR7zLU309k9mBC768=",
        "owner": "nix-systems",
        "repo": "default",
        "rev": "da67096a3b9bf56a91d16901293e51ba5b49a27e",
        "type": "github"
      },
      "original": {
        "owner": "nix-systems",
        "repo": "default",
        "type": "github"
      }
    },
    "nix-systems_3": {
      "locked": {
        "lastModified": 1681028828,
        "narHash": "sha256-Vy1rq5AaRuLzOxct8nz4T6wlgyUR7zLU309k9mBC768=",
        "owner": "nix-systems",
        "repo": "default",
        "rev": "da67096a3b9bf56a91d16901293e51ba5b49a27e",
        "type": "github"
      },
      "original": {
        "owner": "nix-systems",
        "repo": "default",
        "type": "github"
      }
    },
    "nixieClock": {
      "inputs": {
        "utils": [
          "utils"
        ]
      },
      "locked": {
        "lastModified": 1743855555,
        "narHash": "sha256-AfxTCIsf5jGc4RebDsAPROn7qQu/0q0pQjhWNu3odQc=",
        "owner": "NewDawn0",
        "repo": "nixieClock",
        "rev": "5fb1236010569f75efa58f5abd01fe0c7c73eaa8",
        "type": "github"
      },
      "original": {
        "owner": "NewDawn0",
        "repo": "nixieClock",
        "type": "github"
      }
    },
    "nixpkgs": {
      "locked": {
        "lastModified": 1737253822,
        "narHash": "sha256-yU7hu+fIUJa+YwPt7Y2rl2R+CuSIwxDESJqqccCEHz0=",
        "owner": "nixos",
        "repo": "nixpkgs",
        "rev": "a8815cdd42062c104459947067bd4a92c3ecbbd8",
        "type": "github"
      },
      "original": {
        "owner": "nixos",
        "repo": "nixpkgs",
        "type": "github"
      }
    },
    "nixpkgs_2": {
      "locked": {
<<<<<<< HEAD
        "lastModified": 1743811141,
        "narHash": "sha256-rzmyQqdwGODI8qiHuxoLal4Fxr3TZPuZbpuef+KQt48=",
        "owner": "nixos",
        "repo": "nixpkgs",
        "rev": "effac2a6624f7486f081f59e74578203fc1596d3",
=======
        "lastModified": 1743858924,
        "narHash": "sha256-DvcmudX67A5nATO0Lu8jHVtL5xk7KZmAEfab1NSozW4=",
        "owner": "nixos",
        "repo": "nixpkgs",
        "rev": "446ca1db83c11fc9bb469918c9f31d8a84c9b342",
>>>>>>> 5514546 (add follows)
        "type": "github"
      },
      "original": {
        "owner": "nixos",
        "repo": "nixpkgs",
        "type": "github"
      }
    },
    "nixpkgs_3": {
      "locked": {
        "lastModified": 1737253822,
        "narHash": "sha256-yU7hu+fIUJa+YwPt7Y2rl2R+CuSIwxDESJqqccCEHz0=",
        "owner": "nixos",
        "repo": "nixpkgs",
        "rev": "a8815cdd42062c104459947067bd4a92c3ecbbd8",
        "type": "github"
      },
      "original": {
        "owner": "nixos",
        "repo": "nixpkgs",
        "type": "github"
      }
    },
    "nixpkgs_4": {
      "locked": {
        "lastModified": 1743854730,
        "narHash": "sha256-3rkH7dMDgsYwG4Y5JiAzRN9VWBQdocO8cHEEqp3nbrw=",
        "owner": "nixos",
        "repo": "nixpkgs",
        "rev": "6c601a5874dcb7d2654a935c447d11f9d8b28809",
        "type": "github"
      },
      "original": {
        "owner": "nixos",
        "repo": "nixpkgs",
        "type": "github"
      }
    },
    "note": {
      "inputs": {
        "utils": [
          "utils"
        ]
      },
      "locked": {
        "lastModified": 1743855590,
        "narHash": "sha256-6WxBxEuAJmhXot/Vv5kY0czM42AFd9j5eZ0+ibjRs0w=",
        "owner": "NewDawn0",
        "repo": "note",
        "rev": "7e67949b40665b35f95881f33eda1f768dc119dd",
        "type": "github"
      },
      "original": {
        "owner": "NewDawn0",
        "repo": "note",
        "type": "github"
      }
    },
    "notify": {
      "inputs": {
        "utils": [
          "utils"
        ]
      },
      "locked": {
        "lastModified": 1743855635,
        "narHash": "sha256-Vu4k8HZMqpXYWnlHI09Y+g3nVKt983BgP1WY7qOiSS0=",
        "owner": "NewDawn0",
        "repo": "notify",
        "rev": "9df82b69254d40f79e6412b33f624ff94370a418",
        "type": "github"
      },
      "original": {
        "owner": "NewDawn0",
        "repo": "notify",
        "type": "github"
      }
    },
    "nvimConfig": {
      "inputs": {
        "b16-nvim": "b16-nvim",
        "build-nvim": "build-nvim",
        "cmp-locked": "cmp-locked",
        "loader-nvim": "loader-nvim",
        "utils": [
          "utils"
        ]
      },
      "locked": {
        "lastModified": 1743857109,
        "narHash": "sha256-ub4aOkvlBKEpeHzmhV0sVOGOPQMKFPj3AiLVZ7dQQW4=",
        "owner": "NewDawn0",
        "repo": "nvimConfig",
        "rev": "a34485827aa9f99f54874b6ce74b2f7928a7c1f3",
        "type": "github"
      },
      "original": {
        "owner": "NewDawn0",
        "repo": "nvimConfig",
        "type": "github"
      }
    },
    "pac": {
      "inputs": {
        "utils": [
          "utils"
        ]
      },
      "locked": {
        "lastModified": 1743858794,
        "narHash": "sha256-2PxG/7tZaVsg30NAKJXuDXcAPZKlurAmEoQBLfJ8M2g=",
        "owner": "NewDawn0",
        "repo": "pac",
        "rev": "e32ea348d6f943e47d1082dce2bb864ddcf13b6a",
        "type": "github"
      },
      "original": {
        "owner": "NewDawn0",
        "repo": "pac",
        "type": "github"
      }
    },
    "root": {
      "inputs": {
        "alpha": "alpha",
        "ansi": "ansi",
        "asciiWeather": "asciiWeather",
        "dirStack": "dirStack",
        "ex": "ex",
        "gen": "gen",
        "hxConfig": "hxConfig",
        "nixieClock": "nixieClock",
        "nixpkgs": "nixpkgs_2",
        "note": "note",
        "notify": "notify",
        "nvimConfig": "nvimConfig",
        "pac": "pac",
        "shredder": "shredder",
        "tmuxConfig": "tmuxConfig",
        "translate": "translate",
        "up": "up",
        "utils": "utils_3",
        "vocab": "vocab",
        "vscodeConfig": "vscodeConfig"
      }
    },
    "shredder": {
      "inputs": {
        "utils": [
          "utils"
        ]
      },
      "locked": {
        "lastModified": 1743858012,
        "narHash": "sha256-UNL1NBdW2mxPtZDFA/TXoRfcbVHAsZ7o+xBztjGxYxI=",
        "owner": "NewDawn0",
        "repo": "shredder",
        "rev": "64f3a71fac62c32e57af05e23fa09eefb45b9584",
        "type": "github"
      },
      "original": {
        "owner": "NewDawn0",
        "repo": "shredder",
        "type": "github"
      }
    },
    "tmuxConfig": {
      "inputs": {
        "utils": [
          "utils"
        ]
      },
      "locked": {
        "lastModified": 1743855099,
        "narHash": "sha256-cla6VEFX4B1HRAPHSQpOi+subJmEAbzTDeAVfKdGhvk=",
        "owner": "NewDawn0",
        "repo": "tmuxConfig",
        "rev": "daf253cb898ecadf178e7f3cdd2452a20999c6dc",
        "type": "github"
      },
      "original": {
        "owner": "NewDawn0",
        "repo": "tmuxConfig",
        "type": "github"
      }
    },
    "translate": {
      "inputs": {
        "utils": [
          "utils"
        ]
      },
      "locked": {
        "lastModified": 1743858348,
        "narHash": "sha256-bqJQ1guTanSYZEeziWfTpvXOr/ght2QUtTEpdYPN24U=",
        "owner": "NewDawn0",
        "repo": "translate",
        "rev": "485434e8d304140ff0005af60561706c5c26c025",
        "type": "github"
      },
      "original": {
        "owner": "NewDawn0",
        "repo": "translate",
        "type": "github"
      }
    },
    "translate_2": {
      "inputs": {
        "utils": [
          "vocab",
          "utils"
        ]
      },
      "locked": {
        "lastModified": 1743858348,
        "narHash": "sha256-bqJQ1guTanSYZEeziWfTpvXOr/ght2QUtTEpdYPN24U=",
        "owner": "NewDawn0",
        "repo": "translate",
        "rev": "485434e8d304140ff0005af60561706c5c26c025",
        "type": "github"
      },
      "original": {
        "owner": "NewDawn0",
        "repo": "translate",
        "type": "github"
      }
    },
    "up": {
      "inputs": {
        "utils": [
          "utils"
        ]
      },
      "locked": {
        "lastModified": 1743858699,
        "narHash": "sha256-SplNu5vf8dZWFr+dFZcNkMe+iHi0iWDAlh4EbD1/d/s=",
        "owner": "NewDawn0",
        "repo": "up",
        "rev": "e2ec79af6c19195786cb7dcdd50e67508595406a",
        "type": "github"
      },
      "original": {
        "owner": "NewDawn0",
        "repo": "up",
        "type": "github"
      }
    },
    "utils": {
      "inputs": {
        "nix-systems": "nix-systems",
        "nixpkgs": "nixpkgs"
      },
      "locked": {
        "lastModified": 1743397123,
        "narHash": "sha256-8G0KwXnup4aTGEON+9gMxeyhRrpIq84veE0X5nlxdNI=",
        "owner": "NewDawn0",
        "repo": "nixUtils",
        "rev": "14c952191720d9b75cfc049ceeb386ed55c2ebff",
        "type": "github"
      },
      "original": {
        "owner": "NewDawn0",
        "repo": "nixUtils",
        "type": "github"
      }
    },
    "utils_2": {
      "inputs": {
        "nix-systems": "nix-systems_2",
        "nixpkgs": "nixpkgs_3"
      },
      "locked": {
        "lastModified": 1742710718,
        "narHash": "sha256-MN+koGWdg1t4eviMwJn1Clfq7n13iXZ0QBhEgPI+iZI=",
        "owner": "NewDawn0",
        "repo": "nixUtils",
        "rev": "d7689e454a587b8921556e5bce0d94c3f2910f7f",
        "type": "github"
      },
      "original": {
        "owner": "NewDawn0",
        "repo": "nixUtils",
        "type": "github"
      }
    },
    "utils_3": {
      "inputs": {
        "nix-systems": "nix-systems_3",
        "nixpkgs": [
          "nixpkgs"
        ]
      },
      "locked": {
        "lastModified": 1743397123,
        "narHash": "sha256-8G0KwXnup4aTGEON+9gMxeyhRrpIq84veE0X5nlxdNI=",
        "owner": "NewDawn0",
        "repo": "nixUtils",
        "rev": "14c952191720d9b75cfc049ceeb386ed55c2ebff",
        "type": "github"
      },
      "original": {
        "owner": "NewDawn0",
        "repo": "nixUtils",
        "type": "github"
      }
    },
    "vocab": {
      "inputs": {
        "translate": "translate_2",
        "utils": [
          "utils"
        ]
      },
      "locked": {
        "lastModified": 1743858513,
        "narHash": "sha256-06QchLc4nAjAqPk3yLozFYUsL3kExPli6NfuIBOkeWc=",
        "owner": "NewDawn0",
        "repo": "vocab",
        "rev": "cea9081993c7fd71349858cd5d15af98e4ff808e",
        "type": "github"
      },
      "original": {
        "owner": "NewDawn0",
        "repo": "vocab",
        "type": "github"
      }
    },
    "vscodeConfig": {
      "inputs": {
        "nixpkgs": "nixpkgs_4",
        "utils": [
          "utils"
        ]
      },
      "locked": {
        "lastModified": 1743855456,
        "narHash": "sha256-vYH2WQuhrfQktCsYyzIbOxZrHdRw8S7AkhKXSU6uPHs=",
        "owner": "NewDawn0",
        "repo": "vscodeConfig",
        "rev": "d280b183fb2d00fdd4b4601df429e2aa4e32583d",
        "type": "github"
      },
      "original": {
        "owner": "NewDawn0",
        "repo": "vscodeConfig",
        "type": "github"
      }
    }
  },
  "root": "root",
  "version": 7
}
