{
  "nodes": {
    "ascii-weather": {
      "inputs": {
        "utils": [
          "utils"
        ]
      },
      "locked": {
        "lastModified": 1748357115,
        "narHash": "sha256-Qna4obYnyhz70kkrpyGVSxaHz/seE9Zu12SE+q1E1rE=",
        "owner": "NewDawn0",
        "repo": "asciiWeather",
        "rev": "37c66f1bd37c835438ff67219f4599b71fabc1d2",
        "type": "github"
      },
      "original": {
        "owner": "NewDawn0",
        "repo": "asciiWeather",
        "type": "github"
      }
    },
    "b16-nvim": {
      "inputs": {
        "utils": [
          "ndnvim",
          "utils"
        ]
      },
      "locked": {
        "lastModified": 1745390036,
        "narHash": "sha256-qSoPvJIYO4PRoabw26TPyTkVDy5oxpvZEOrW/uN1ZNw=",
        "owner": "NewDawn0",
        "repo": "b16.nvim",
        "rev": "885c7315079e049fc9c6debf80c449aada63535d",
        "type": "github"
      },
      "original": {
        "owner": "NewDawn0",
        "repo": "b16.nvim",
        "type": "github"
      }
    },
    "build-nvim": {
      "inputs": {
        "utils": [
          "ndnvim",
          "utils"
        ]
      },
      "locked": {
        "lastModified": 1745390039,
        "narHash": "sha256-6UhS9cgbSuAqEI82OPCi7RYZjAfe2D+kI4BqbFpvEk0=",
        "owner": "NewDawn0",
        "repo": "build.nvim",
        "rev": "a699f873863dd51151d29b764ce929d6649ecc24",
        "type": "github"
      },
      "original": {
        "owner": "NewDawn0",
        "repo": "build.nvim",
        "type": "github"
      }
    },
    "cheat": {
      "inputs": {
        "nixpkgs": [
          "nixpkgs"
        ],
        "utils": [
          "utils"
        ]
      },
      "locked": {
        "lastModified": 1748356110,
        "narHash": "sha256-IGXQDOXxXpPZqJtXH8uS9utGeKkXKFV+3T/hyCQtCq0=",
        "owner": "NewDawn0",
        "repo": "cheat.s",
        "rev": "cb066418971424fbcc13b5ca1152b54b4da0c5e6",
        "type": "github"
      },
      "original": {
        "owner": "NewDawn0",
        "repo": "cheat.s",
        "type": "github"
      }
    },
    "cmp-locked-nvim": {
      "inputs": {
        "nixpkgs": "nixpkgs_2",
        "utils": "utils_2"
      },
      "locked": {
        "lastModified": 1746541487,
        "narHash": "sha256-xaG2x7WVV6lhyimvaJxczJhKQc5WJvDSwnLEVKnXjH0=",
        "owner": "NewDawn0",
        "repo": "nvimCmpLocked",
        "rev": "026f386740ec42b1f91892b1f00c72d25ccf6c67",
        "type": "github"
      },
      "original": {
        "owner": "NewDawn0",
        "repo": "nvimCmpLocked",
        "type": "github"
      }
    },
    "ex": {
      "inputs": {
        "utils": [
          "utils"
        ]
      },
      "locked": {
        "lastModified": 1748356013,
        "narHash": "sha256-yQi5V7WeLB/cVaivSuRD2kSpQnDxr00232KUlWAry3s=",
        "owner": "NewDawn0",
        "repo": "ex",
        "rev": "e1b92c41c7ba837e3c297d8f963058ef34fa5d8a",
        "type": "github"
      },
      "original": {
        "owner": "NewDawn0",
        "repo": "ex",
        "type": "github"
      }
    },
    "gen": {
      "inputs": {
        "utils": [
          "utils"
        ]
      },
      "locked": {
        "lastModified": 1748356059,
        "narHash": "sha256-QiPBf0WMiH6zPYdB0OGNJjo1Ls4sDk+8LwGpyh+kOTk=",
        "owner": "NewDawn0",
        "repo": "gen",
        "rev": "fc8b5fc09f12fe8b3f855c797dd3a211a651daa0",
        "type": "github"
      },
      "original": {
        "owner": "NewDawn0",
        "repo": "gen",
        "type": "github"
      }
    },
    "loader-nvim": {
      "inputs": {
        "utils": [
          "ndnvim",
          "utils"
        ]
      },
      "locked": {
        "lastModified": 1746540687,
        "narHash": "sha256-jRbDFgB1qG0MyzBR5PFs40Hx54CkkR5Cv3UTHlDtisM=",
        "owner": "NewDawn0",
        "repo": "loader.nvim",
        "rev": "6cd307bd52700c619121ad03f13a92d5b9c79784",
        "type": "github"
      },
      "original": {
        "owner": "NewDawn0",
        "repo": "loader.nvim",
        "type": "github"
      }
    },
    "ndhelix": {
      "inputs": {
        "utils": "utils"
      },
      "locked": {
        "lastModified": 1745421426,
        "narHash": "sha256-Rps2X7FX4FI+3ab2yVFsPNl2YfYJa9XAbndG2dl+ezA=",
        "owner": "NewDawn0",
        "repo": "hxConfig",
        "rev": "c7367e28d6a5ff2d1b97b4d52799cec1b8d1e793",
        "type": "github"
      },
      "original": {
        "owner": "NewDawn0",
        "repo": "hxConfig",
        "type": "github"
      }
    },
    "ndnvim": {
      "inputs": {
        "b16-nvim": "b16-nvim",
        "build-nvim": "build-nvim",
        "cmp-locked-nvim": "cmp-locked-nvim",
        "loader-nvim": "loader-nvim",
        "nixpkgs": "nixpkgs_3",
        "utils": "utils_3"
      },
      "locked": {
        "lastModified": 1748350537,
        "narHash": "sha256-j5SqtyiXPeFfzQsFjv20qBJugyMi9nQKB7xVjsOV+Ao=",
        "owner": "NewDawn0",
        "repo": "nvimConfig",
        "rev": "ff997bf877390edfa532358804d2ab15ea655597",
        "type": "github"
      },
      "original": {
        "owner": "NewDawn0",
        "repo": "nvimConfig",
        "type": "github"
      }
    },
    "ndtmux": {
      "inputs": {
        "utils": [
          "utils"
        ]
      },
      "locked": {
        "lastModified": 1748356327,
        "narHash": "sha256-Im4yzZn0xxUodBcI4oOk49B4gkXA4L48M2RoXAXeQj8=",
        "owner": "NewDawn0",
        "repo": "tmuxConfig",
        "rev": "08ac8d83f1d93525ac20685b13bf687fbc9565d3",
        "type": "github"
      },
      "original": {
        "owner": "NewDawn0",
        "repo": "tmuxConfig",
        "type": "github"
      }
    },
    "ndvscode": {
      "inputs": {
        "utils": "utils_4"
      },
      "locked": {
        "lastModified": 1745416409,
        "narHash": "sha256-drim5bFQBdcKphFRXNCfXCVWjo2KxnSsgbrtyGu3v/k=",
        "owner": "NewDawn0",
        "repo": "vscodeConfig",
        "rev": "e8abaff0b19a53a189261d7678d816fa51c073fa",
        "type": "github"
      },
      "original": {
        "owner": "NewDawn0",
        "repo": "vscodeConfig",
        "type": "github"
      }
    },
    "nix-systems": {
      "locked": {
        "lastModified": 1681028828,
        "narHash": "sha256-Vy1rq5AaRuLzOxct8nz4T6wlgyUR7zLU309k9mBC768=",
        "owner": "nix-systems",
        "repo": "default",
        "rev": "da67096a3b9bf56a91d16901293e51ba5b49a27e",
        "type": "github"
      },
      "original": {
        "owner": "nix-systems",
        "repo": "default",
        "type": "github"
      }
    },
    "nix-systems_2": {
      "locked": {
        "lastModified": 1681028828,
        "narHash": "sha256-Vy1rq5AaRuLzOxct8nz4T6wlgyUR7zLU309k9mBC768=",
        "owner": "nix-systems",
        "repo": "default",
        "rev": "da67096a3b9bf56a91d16901293e51ba5b49a27e",
        "type": "github"
      },
      "original": {
        "owner": "nix-systems",
        "repo": "default",
        "type": "github"
      }
    },
    "nix-systems_3": {
      "locked": {
        "lastModified": 1681028828,
        "narHash": "sha256-Vy1rq5AaRuLzOxct8nz4T6wlgyUR7zLU309k9mBC768=",
        "owner": "nix-systems",
        "repo": "default",
        "rev": "da67096a3b9bf56a91d16901293e51ba5b49a27e",
        "type": "github"
      },
      "original": {
        "owner": "nix-systems",
        "repo": "default",
        "type": "github"
      }
    },
    "nix-systems_4": {
      "locked": {
        "lastModified": 1681028828,
        "narHash": "sha256-Vy1rq5AaRuLzOxct8nz4T6wlgyUR7zLU309k9mBC768=",
        "owner": "nix-systems",
        "repo": "default",
        "rev": "da67096a3b9bf56a91d16901293e51ba5b49a27e",
        "type": "github"
      },
      "original": {
        "owner": "nix-systems",
        "repo": "default",
        "type": "github"
      }
    },
    "nix-systems_5": {
      "locked": {
        "lastModified": 1681028828,
        "narHash": "sha256-Vy1rq5AaRuLzOxct8nz4T6wlgyUR7zLU309k9mBC768=",
        "owner": "nix-systems",
        "repo": "default",
        "rev": "da67096a3b9bf56a91d16901293e51ba5b49a27e",
        "type": "github"
      },
      "original": {
        "owner": "nix-systems",
        "repo": "default",
        "type": "github"
      }
    },
    "nix-systems_6": {
      "locked": {
        "lastModified": 1681028828,
        "narHash": "sha256-Vy1rq5AaRuLzOxct8nz4T6wlgyUR7zLU309k9mBC768=",
        "owner": "nix-systems",
        "repo": "default",
        "rev": "da67096a3b9bf56a91d16901293e51ba5b49a27e",
        "type": "github"
      },
      "original": {
        "owner": "nix-systems",
        "repo": "default",
        "type": "github"
      }
    },
    "nixie-clock": {
      "inputs": {
        "utils": [
          "utils"
        ]
      },
      "locked": {
        "lastModified": 1748356311,
        "narHash": "sha256-zDLdlHW0N5kStPs2ihGjzNja9azq6v0/XKVOOM+K8Ik=",
        "owner": "NewDawn0",
        "repo": "nixieClock",
        "rev": "c734340fa40208c0bb58d43a7d1a2bfb303d2ad1",
        "type": "github"
      },
      "original": {
        "owner": "NewDawn0",
        "repo": "nixieClock",
        "type": "github"
      }
    },
    "nixpkgs": {
      "locked": {
        "lastModified": 1743851869,
        "narHash": "sha256-v4CJiNuMoTOorG8h3A5xmBh7WVIeT6UTgiNJIIl512E=",
        "owner": "nixos",
        "repo": "nixpkgs",
        "rev": "4e5bc90b70299b3be5b8090d694cfcd279a22dca",
        "type": "github"
      },
      "original": {
        "owner": "nixos",
        "repo": "nixpkgs",
        "type": "github"
      }
    },
    "nixpkgs_2": {
      "locked": {
        "lastModified": 1746541067,
        "narHash": "sha256-dmp9ZPfYj+CaaHY831blMpWEucee6KZe1qx7j8DKm+E=",
        "owner": "NixOS",
        "repo": "nixpkgs",
        "rev": "39b847c159e9e9a1b8ee56b50099b734f5a7c637",
        "type": "github"
      },
      "original": {
        "owner": "NixOS",
        "repo": "nixpkgs",
        "type": "github"
      }
    },
    "nixpkgs_3": {
      "locked": {
        "lastModified": 1746541067,
        "narHash": "sha256-dmp9ZPfYj+CaaHY831blMpWEucee6KZe1qx7j8DKm+E=",
        "owner": "NixOS",
        "repo": "nixpkgs",
        "rev": "39b847c159e9e9a1b8ee56b50099b734f5a7c637",
        "type": "github"
      },
      "original": {
        "owner": "NixOS",
        "repo": "nixpkgs",
        "type": "github"
      }
    },
    "nixpkgs_4": {
      "locked": {
        "lastModified": 1743851869,
        "narHash": "sha256-v4CJiNuMoTOorG8h3A5xmBh7WVIeT6UTgiNJIIl512E=",
        "owner": "nixos",
        "repo": "nixpkgs",
        "rev": "4e5bc90b70299b3be5b8090d694cfcd279a22dca",
        "type": "github"
      },
      "original": {
        "owner": "nixos",
        "repo": "nixpkgs",
        "type": "github"
      }
    },
    "nixpkgs_5": {
      "locked": {
        "lastModified": 1748392818,
        "narHash": "sha256-rvlsvRLgtK0V7Lppp7R8z/e02IGes4uA7UILthx8a6M=",
        "owner": "NixOS",
        "repo": "nixpkgs",
        "rev": "7b036d713bf8e46f6fa8d3b362ff4ebc76e52b97",
        "type": "github"
      },
      "original": {
        "owner": "NixOS",
        "repo": "nixpkgs",
        "type": "github"
      }
    },
    "nixpkgs_6": {
      "locked": {
        "lastModified": 1743851869,
        "narHash": "sha256-v4CJiNuMoTOorG8h3A5xmBh7WVIeT6UTgiNJIIl512E=",
        "owner": "nixos",
        "repo": "nixpkgs",
        "rev": "4e5bc90b70299b3be5b8090d694cfcd279a22dca",
        "type": "github"
      },
      "original": {
        "owner": "nixos",
        "repo": "nixpkgs",
        "type": "github"
      }
    },
    "note": {
      "inputs": {
        "utils": [
          "utils"
        ]
      },
      "locked": {
        "lastModified": 1748356078,
        "narHash": "sha256-ZD1vr0ZAWREAZYXtxUPpvVhxlQ1hngWGrZhcJqilIK8=",
        "owner": "NewDawn0",
        "repo": "note",
        "rev": "83e5de62c24b22351903f17b6f0063b86c6d8536",
        "type": "github"
      },
      "original": {
        "owner": "NewDawn0",
        "repo": "note",
        "type": "github"
      }
    },
    "notify": {
      "inputs": {
        "utils": [
          "utils"
        ]
      },
      "locked": {
        "lastModified": 1748356234,
        "narHash": "sha256-0gLPdVGT1gSljI0AH5kl//mLV8Wqp1zx8Qr1y0V7Ah8=",
        "owner": "NewDawn0",
        "repo": "notify",
        "rev": "54bf83cc806cda6b887d946aef63dea9fa7e3347",
        "type": "github"
      },
      "original": {
        "owner": "NewDawn0",
        "repo": "notify",
        "type": "github"
      }
    },
    "pac": {
      "inputs": {
        "utils": "utils_5"
      },
      "locked": {
        "lastModified": 1745412249,
        "narHash": "sha256-GlMBrvUdM2f52AVW+mm6tvJmNtoNmtoG7Ks3+2fSis0=",
        "owner": "NewDawn0",
        "repo": "pac",
        "rev": "128097625c64722c6382f687a69a6ae93b8b6122",
        "type": "github"
      },
      "original": {
        "owner": "NewDawn0",
        "repo": "pac",
        "type": "github"
      }
    },
    "root": {
      "inputs": {
        "ascii-weather": "ascii-weather",
        "cheat": "cheat",
        "ex": "ex",
        "gen": "gen",
        "ndhelix": "ndhelix",
        "ndnvim": "ndnvim",
        "ndtmux": "ndtmux",
        "ndvscode": "ndvscode",
        "nixie-clock": "nixie-clock",
        "nixpkgs": "nixpkgs_5",
        "note": "note",
        "notify": "notify",
        "pac": "pac",
        "shredder": "shredder",
        "translate": "translate",
        "utils": "utils_6",
        "vocab": "vocab"
      }
    },
    "shredder": {
      "inputs": {
        "utils": [
          "utils"
        ]
      },
      "locked": {
        "lastModified": 1748356282,
        "narHash": "sha256-2Pg9Z2+OeIzoiOLizWuKKCF5OSnHFi9EbTUngpPEPYI=",
        "owner": "NewDawn0",
        "repo": "shredder",
        "rev": "0d9e3d5d5a1ebffba35c296cfdbb0dc59581a3f2",
        "type": "github"
      },
      "original": {
        "owner": "NewDawn0",
        "repo": "shredder",
        "type": "github"
      }
    },
    "translate": {
      "inputs": {
        "utils": [
          "utils"
        ]
      },
      "locked": {
        "lastModified": 1748355989,
        "narHash": "sha256-1GWIKD/0Nnd2l/6Tnl4CDj0cWXifEEJEJG6tsUohRtc=",
        "owner": "NewDawn0",
        "repo": "translate",
        "rev": "cc03b5cb77773e94fc2e0921fcff4921d73436cc",
        "type": "github"
      },
      "original": {
        "owner": "NewDawn0",
        "repo": "translate",
        "type": "github"
      }
    },
    "translate_2": {
      "inputs": {
        "utils": [
          "vocab",
          "utils"
        ]
      },
      "locked": {
        "lastModified": 1748355989,
        "narHash": "sha256-1GWIKD/0Nnd2l/6Tnl4CDj0cWXifEEJEJG6tsUohRtc=",
        "owner": "NewDawn0",
        "repo": "translate",
        "rev": "cc03b5cb77773e94fc2e0921fcff4921d73436cc",
        "type": "github"
      },
      "original": {
        "owner": "NewDawn0",
        "repo": "translate",
        "type": "github"
      }
    },
    "utils": {
      "inputs": {
        "nix-systems": "nix-systems",
        "nixpkgs": "nixpkgs"
      },
      "locked": {
        "lastModified": 1743862127,
        "narHash": "sha256-xAE3kOlNako3d1tB+ppnP2FCkct+hCbgOyMVKYrrzmY=",
        "owner": "NewDawn0",
        "repo": "nixUtils",
        "rev": "fd96a7ae8aaa84bb69928c5606975a1b7d222016",
        "type": "github"
      },
      "original": {
        "owner": "NewDawn0",
        "repo": "nixUtils",
        "type": "github"
      }
    },
    "utils_2": {
      "inputs": {
        "nix-systems": "nix-systems_2",
        "nixpkgs": [
          "ndnvim",
          "cmp-locked-nvim",
          "nixpkgs"
        ]
      },
      "locked": {
        "lastModified": 1745390014,
        "narHash": "sha256-fRr/v396NBj140H80PdZGdObGP7SLcDw5OKY1BgLSW0=",
        "owner": "NewDawn0",
        "repo": "nixUtils",
        "rev": "a8d08dbc5f64aaecd937e7f434330618f663c779",
        "type": "github"
      },
      "original": {
        "owner": "NewDawn0",
        "repo": "nixUtils",
        "type": "github"
      }
    },
    "utils_3": {
      "inputs": {
        "nix-systems": "nix-systems_3",
        "nixpkgs": [
          "ndnvim",
          "nixpkgs"
        ]
      },
      "locked": {
        "lastModified": 1745390014,
        "narHash": "sha256-fRr/v396NBj140H80PdZGdObGP7SLcDw5OKY1BgLSW0=",
        "owner": "NewDawn0",
        "repo": "nixUtils",
        "rev": "a8d08dbc5f64aaecd937e7f434330618f663c779",
        "type": "github"
      },
      "original": {
        "owner": "NewDawn0",
        "repo": "nixUtils",
        "type": "github"
      }
    },
    "utils_4": {
      "inputs": {
        "nix-systems": "nix-systems_4",
        "nixpkgs": "nixpkgs_4"
      },
      "locked": {
        "lastModified": 1743862127,
        "narHash": "sha256-xAE3kOlNako3d1tB+ppnP2FCkct+hCbgOyMVKYrrzmY=",
        "owner": "NewDawn0",
        "repo": "nixUtils",
        "rev": "fd96a7ae8aaa84bb69928c5606975a1b7d222016",
        "type": "github"
      },
      "original": {
        "owner": "NewDawn0",
        "repo": "nixUtils",
        "type": "github"
      }
    },
    "utils_5": {
      "inputs": {
        "nix-systems": "nix-systems_5",
        "nixpkgs": "nixpkgs_6"
      },
      "locked": {
        "lastModified": 1743862127,
        "narHash": "sha256-xAE3kOlNako3d1tB+ppnP2FCkct+hCbgOyMVKYrrzmY=",
        "owner": "NewDawn0",
        "repo": "nixUtils",
        "rev": "fd96a7ae8aaa84bb69928c5606975a1b7d222016",
        "type": "github"
      },
      "original": {
        "owner": "NewDawn0",
        "repo": "nixUtils",
        "type": "github"
      }
    },
    "utils_6": {
      "inputs": {
        "nix-systems": "nix-systems_6",
        "nixpkgs": [
          "nixpkgs"
        ]
      },
      "locked": {
        "lastModified": 1748355758,
        "narHash": "sha256-XDKPNJy7/jSfDDHbx1YifTgiea3n3V+aVujyBp9emr0=",
        "owner": "NewDawn0",
        "repo": "nixUtils",
        "rev": "80ba488ddeccaa4b6b766b9d551b17ff98dbed11",
        "type": "github"
      },
      "original": {
        "owner": "NewDawn0",
        "repo": "nixUtils",
        "type": "github"
      }
    },
    "vocab": {
      "inputs": {
        "translate": "translate_2",
        "utils": [
          "utils"
        ]
      },
      "locked": {
        "lastModified": 1748356214,
        "narHash": "sha256-uFholAtZVvalVU84D98VLKa7Ra1pBqNfpLUHEj95yzk=",
        "owner": "NewDawn0",
        "repo": "vocab",
        "rev": "a6e2fbd516979eede56b4229a682ffda3806e9fd",
        "type": "github"
      },
      "original": {
        "owner": "NewDawn0",
        "repo": "vocab",
        "type": "github"
      }
    }
  },
  "root": "root",
  "version": 7
}
