{
  "nodes": {
    "ascii-weather": {
      "inputs": {
        "nixpkgs": [
          "nixpkgs"
        ],
        "utils": [
          "utils"
        ]
      },
      "locked": {
        "lastModified": 1752692664,
        "narHash": "sha256-BxBQ6nui6Rb+ijVb72pRFMDgrV8MUxzrrME/A2bMt6A=",
        "owner": "NewDawn0",
        "repo": "asciiWeather",
        "rev": "b1ac111010dc1a0027be13874c21f94e86424335",
        "type": "github"
      },
      "original": {
        "owner": "NewDawn0",
        "repo": "asciiWeather",
        "type": "github"
      }
    },
    "b16-nvim": {
      "inputs": {
        "utils": [
          "ndnvim",
          "utils"
        ]
      },
      "locked": {
        "lastModified": 1745390036,
        "narHash": "sha256-qSoPvJIYO4PRoabw26TPyTkVDy5oxpvZEOrW/uN1ZNw=",
        "owner": "NewDawn0",
        "repo": "b16.nvim",
        "rev": "885c7315079e049fc9c6debf80c449aada63535d",
        "type": "github"
      },
      "original": {
        "owner": "NewDawn0",
        "repo": "b16.nvim",
        "type": "github"
      }
    },
    "build-all": {
      "inputs": {
        "nixpkgs": [
          "nixpkgs"
        ],
        "utils": [
          "utils"
        ]
      },
      "locked": {
        "lastModified": 1753106569,
        "narHash": "sha256-uqlEwkoL37/OPMMwWXXYSqkWCcL6JCFQApd6N9yRz40=",
        "owner": "NewDawn0",
        "repo": "buildAll",
        "rev": "d13b327bb87c8b20ec9d2ef6d083f7119b96fa35",
        "type": "github"
      },
      "original": {
        "owner": "NewDawn0",
        "repo": "buildAll",
        "type": "github"
      }
    },
    "build-nvim": {
      "inputs": {
        "utils": [
          "ndnvim",
          "utils"
        ]
      },
      "locked": {
        "lastModified": 1745390039,
        "narHash": "sha256-6UhS9cgbSuAqEI82OPCi7RYZjAfe2D+kI4BqbFpvEk0=",
        "owner": "NewDawn0",
        "repo": "build.nvim",
        "rev": "a699f873863dd51151d29b764ce929d6649ecc24",
        "type": "github"
      },
      "original": {
        "owner": "NewDawn0",
        "repo": "build.nvim",
        "type": "github"
      }
    },
    "cheat": {
      "inputs": {
        "nixpkgs": [
          "nixpkgs"
        ],
        "utils": [
          "utils"
        ]
      },
      "locked": {
        "lastModified": 1748414982,
        "narHash": "sha256-uLzDvIpuTmb0Z3c9QLjJsw3Rukz5GZeFXzy/eRU2WNk=",
        "owner": "NewDawn0",
        "repo": "cheat.s",
        "rev": "85f29d2970610e4362ff2f23e3d6ce71a91dd981",
        "type": "github"
      },
      "original": {
        "owner": "NewDawn0",
        "repo": "cheat.s",
        "type": "github"
      }
    },
    "cmp-locked-nvim": {
      "inputs": {
        "nixpkgs": "nixpkgs_2",
        "utils": "utils_2"
      },
      "locked": {
        "lastModified": 1746541487,
        "narHash": "sha256-xaG2x7WVV6lhyimvaJxczJhKQc5WJvDSwnLEVKnXjH0=",
        "owner": "NewDawn0",
        "repo": "nvimCmpLocked",
        "rev": "026f386740ec42b1f91892b1f00c72d25ccf6c67",
        "type": "github"
      },
      "original": {
        "owner": "NewDawn0",
        "repo": "nvimCmpLocked",
        "type": "github"
      }
    },
    "ex": {
      "inputs": {
        "nixpkgs": [
          "nixpkgs"
        ],
        "utils": [
          "utils"
        ]
      },
      "locked": {
        "lastModified": 1752692964,
        "narHash": "sha256-VYYlHHX8JcUFKIndQKD5MgEhDxAkDgjeWScA7Jj5xFw=",
        "owner": "NewDawn0",
        "repo": "ex",
        "rev": "08103c7590263d059b7bf6dcda52b45def66e276",
        "type": "github"
      },
      "original": {
        "owner": "NewDawn0",
        "repo": "ex",
        "type": "github"
      }
    },
    "gen": {
      "inputs": {
        "nixpkgs": [
          "nixpkgs"
        ],
        "utils": [
          "utils"
        ]
      },
      "locked": {
        "lastModified": 1752693140,
        "narHash": "sha256-IkBT3zXbfJvPPP7gxTAGNk+NqWAwIVBRTB6z79mebkU=",
        "owner": "NewDawn0",
        "repo": "gen",
        "rev": "b8c32e2918aaccf8f021ec8d7783a997251e5541",
        "type": "github"
      },
      "original": {
        "owner": "NewDawn0",
        "repo": "gen",
        "type": "github"
      }
    },
    "loader-nvim": {
      "inputs": {
        "utils": [
          "ndnvim",
          "utils"
        ]
      },
      "locked": {
        "lastModified": 1746540687,
        "narHash": "sha256-jRbDFgB1qG0MyzBR5PFs40Hx54CkkR5Cv3UTHlDtisM=",
        "owner": "NewDawn0",
        "repo": "loader.nvim",
        "rev": "6cd307bd52700c619121ad03f13a92d5b9c79784",
        "type": "github"
      },
      "original": {
        "owner": "NewDawn0",
        "repo": "loader.nvim",
        "type": "github"
      }
    },
    "ndhelix": {
      "inputs": {
        "utils": "utils"
      },
      "locked": {
        "lastModified": 1745421426,
        "narHash": "sha256-Rps2X7FX4FI+3ab2yVFsPNl2YfYJa9XAbndG2dl+ezA=",
        "owner": "NewDawn0",
        "repo": "hxConfig",
        "rev": "c7367e28d6a5ff2d1b97b4d52799cec1b8d1e793",
        "type": "github"
      },
      "original": {
        "owner": "NewDawn0",
        "repo": "hxConfig",
        "type": "github"
      }
    },
    "ndnvim": {
      "inputs": {
        "b16-nvim": "b16-nvim",
        "build-nvim": "build-nvim",
        "cmp-locked-nvim": "cmp-locked-nvim",
        "loader-nvim": "loader-nvim",
        "nixpkgs": "nixpkgs_3",
        "utils": "utils_3"
      },
      "locked": {
        "lastModified": 1748435782,
        "narHash": "sha256-1ZkXPUqQB9XLDsBfKCWG3f0fNXCeymunfgYmtxZuMAA=",
        "owner": "NewDawn0",
        "repo": "nvimConfig",
        "rev": "89877e65127cf72e99f77fd528e647a2af634b99",
        "type": "github"
      },
      "original": {
        "owner": "NewDawn0",
        "repo": "nvimConfig",
        "type": "github"
      }
    },
    "ndtmux": {
      "inputs": {
        "utils": [
          "utils"
        ]
      },
      "locked": {
        "lastModified": 1752232069,
        "narHash": "sha256-yS5GabOnkB5xJI/YC94WmMnoLLgmEXBOTLZNQX4p+xw=",
        "owner": "NewDawn0",
        "repo": "tmuxConfig",
        "rev": "a20a86bbd2e5f3580b7a303b8a62256acadf283c",
        "type": "github"
      },
      "original": {
        "owner": "NewDawn0",
        "repo": "tmuxConfig",
        "type": "github"
      }
    },
    "ndvscode": {
      "inputs": {
        "utils": "utils_4"
      },
      "locked": {
        "lastModified": 1745416409,
        "narHash": "sha256-drim5bFQBdcKphFRXNCfXCVWjo2KxnSsgbrtyGu3v/k=",
        "owner": "NewDawn0",
        "repo": "vscodeConfig",
        "rev": "e8abaff0b19a53a189261d7678d816fa51c073fa",
        "type": "github"
      },
      "original": {
        "owner": "NewDawn0",
        "repo": "vscodeConfig",
        "type": "github"
      }
    },
    "nix-systems": {
      "locked": {
        "lastModified": 1681028828,
        "narHash": "sha256-Vy1rq5AaRuLzOxct8nz4T6wlgyUR7zLU309k9mBC768=",
        "owner": "nix-systems",
        "repo": "default",
        "rev": "da67096a3b9bf56a91d16901293e51ba5b49a27e",
        "type": "github"
      },
      "original": {
        "owner": "nix-systems",
        "repo": "default",
        "type": "github"
      }
    },
    "nix-systems_2": {
      "locked": {
        "lastModified": 1681028828,
        "narHash": "sha256-Vy1rq5AaRuLzOxct8nz4T6wlgyUR7zLU309k9mBC768=",
        "owner": "nix-systems",
        "repo": "default",
        "rev": "da67096a3b9bf56a91d16901293e51ba5b49a27e",
        "type": "github"
      },
      "original": {
        "owner": "nix-systems",
        "repo": "default",
        "type": "github"
      }
    },
    "nix-systems_3": {
      "locked": {
        "lastModified": 1681028828,
        "narHash": "sha256-Vy1rq5AaRuLzOxct8nz4T6wlgyUR7zLU309k9mBC768=",
        "owner": "nix-systems",
        "repo": "default",
        "rev": "da67096a3b9bf56a91d16901293e51ba5b49a27e",
        "type": "github"
      },
      "original": {
        "owner": "nix-systems",
        "repo": "default",
        "type": "github"
      }
    },
    "nix-systems_4": {
      "locked": {
        "lastModified": 1681028828,
        "narHash": "sha256-Vy1rq5AaRuLzOxct8nz4T6wlgyUR7zLU309k9mBC768=",
        "owner": "nix-systems",
        "repo": "default",
        "rev": "da67096a3b9bf56a91d16901293e51ba5b49a27e",
        "type": "github"
      },
      "original": {
        "owner": "nix-systems",
        "repo": "default",
        "type": "github"
      }
    },
    "nix-systems_5": {
      "locked": {
        "lastModified": 1681028828,
        "narHash": "sha256-Vy1rq5AaRuLzOxct8nz4T6wlgyUR7zLU309k9mBC768=",
        "owner": "nix-systems",
        "repo": "default",
        "rev": "da67096a3b9bf56a91d16901293e51ba5b49a27e",
        "type": "github"
      },
      "original": {
        "owner": "nix-systems",
        "repo": "default",
        "type": "github"
      }
    },
    "nixie-clock": {
      "inputs": {
        "nixpkgs": [
          "nixpkgs"
        ],
        "utils": [
          "utils"
        ]
      },
      "locked": {
        "lastModified": 1752693146,
        "narHash": "sha256-SYqnO351ZsSV+v5al2MeApjwilXqZCZC4pBt+HofIIY=",
        "owner": "NewDawn0",
        "repo": "nixieClock",
        "rev": "bf3e9dc8dc11a8a63da6340a06ad260290bd3fe9",
        "type": "github"
      },
      "original": {
        "owner": "NewDawn0",
        "repo": "nixieClock",
        "type": "github"
      }
    },
    "nixpkgs": {
      "locked": {
        "lastModified": 1743851869,
        "narHash": "sha256-v4CJiNuMoTOorG8h3A5xmBh7WVIeT6UTgiNJIIl512E=",
        "owner": "nixos",
        "repo": "nixpkgs",
        "rev": "4e5bc90b70299b3be5b8090d694cfcd279a22dca",
        "type": "github"
      },
      "original": {
        "owner": "nixos",
        "repo": "nixpkgs",
        "type": "github"
      }
    },
    "nixpkgs_2": {
      "locked": {
        "lastModified": 1746541067,
        "narHash": "sha256-dmp9ZPfYj+CaaHY831blMpWEucee6KZe1qx7j8DKm+E=",
        "owner": "NixOS",
        "repo": "nixpkgs",
        "rev": "39b847c159e9e9a1b8ee56b50099b734f5a7c637",
        "type": "github"
      },
      "original": {
        "owner": "NixOS",
        "repo": "nixpkgs",
        "type": "github"
      }
    },
    "nixpkgs_3": {
      "locked": {
        "lastModified": 1746541067,
        "narHash": "sha256-dmp9ZPfYj+CaaHY831blMpWEucee6KZe1qx7j8DKm+E=",
        "owner": "NixOS",
        "repo": "nixpkgs",
        "rev": "39b847c159e9e9a1b8ee56b50099b734f5a7c637",
        "type": "github"
      },
      "original": {
        "owner": "NixOS",
        "repo": "nixpkgs",
        "type": "github"
      }
    },
    "nixpkgs_4": {
      "locked": {
        "lastModified": 1743851869,
        "narHash": "sha256-v4CJiNuMoTOorG8h3A5xmBh7WVIeT6UTgiNJIIl512E=",
        "owner": "nixos",
        "repo": "nixpkgs",
        "rev": "4e5bc90b70299b3be5b8090d694cfcd279a22dca",
        "type": "github"
      },
      "original": {
        "owner": "nixos",
        "repo": "nixpkgs",
        "type": "github"
      }
    },
    "nixpkgs_5": {
      "locked": {
        "lastModified": 1764979303,
        "narHash": "sha256-/US2Ei9JHXHVBAxV4FX49Q7H5s4UNBrIiOA6Xjzgq44=",
        "owner": "NixOS",
        "repo": "nixpkgs",
        "rev": "0254eab410b90ef2420c1059f908ae777e3b02f9",
        "type": "github"
      },
      "original": {
        "owner": "NixOS",
        "repo": "nixpkgs",
        "type": "github"
      }
    },
    "nixpkgs_6": {
      "locked": {
        "lastModified": 1743851869,
        "narHash": "sha256-v4CJiNuMoTOorG8h3A5xmBh7WVIeT6UTgiNJIIl512E=",
        "owner": "nixos",
        "repo": "nixpkgs",
        "rev": "4e5bc90b70299b3be5b8090d694cfcd279a22dca",
        "type": "github"
      },
      "original": {
        "owner": "nixos",
        "repo": "nixpkgs",
        "type": "github"
      }
    },
    "note": {
      "inputs": {
        "nixpkgs": [
          "nixpkgs"
        ],
        "utils": [
          "utils"
        ]
      },
      "locked": {
        "lastModified": 1752693216,
        "narHash": "sha256-5vANyVHdPbOVCz6gylhYpXFpDKoZB3XzWtWpSXAn/M8=",
        "owner": "NewDawn0",
        "repo": "note",
        "rev": "b34e28f42efb5839c6fa9e9bd57cc67f9e9a9a48",
        "type": "github"
      },
      "original": {
        "owner": "NewDawn0",
        "repo": "note",
        "type": "github"
      }
    },
    "notify": {
      "inputs": {
        "nixpkgs": [
          "nixpkgs"
        ],
        "utils": [
          "utils"
        ]
      },
      "locked": {
        "lastModified": 1752693316,
        "narHash": "sha256-yRvcE/BygmcXwqA1DKmt2qc3jexz4G4j/QP+b0FS1us=",
        "owner": "NewDawn0",
        "repo": "notify",
        "rev": "2dff36f33adc84da8d44d68b569203a7d3434644",
        "type": "github"
      },
      "original": {
        "owner": "NewDawn0",
        "repo": "notify",
        "type": "github"
      }
    },
    "pac": {
      "inputs": {
        "utils": "utils_5"
      },
      "locked": {
        "lastModified": 1745412249,
        "narHash": "sha256-GlMBrvUdM2f52AVW+mm6tvJmNtoNmtoG7Ks3+2fSis0=",
        "owner": "NewDawn0",
        "repo": "pac",
        "rev": "128097625c64722c6382f687a69a6ae93b8b6122",
        "type": "github"
      },
      "original": {
        "owner": "NewDawn0",
        "repo": "pac",
        "type": "github"
      }
    },
    "root": {
      "inputs": {
        "ascii-weather": "ascii-weather",
        "build-all": "build-all",
        "cheat": "cheat",
        "ex": "ex",
        "gen": "gen",
        "ndhelix": "ndhelix",
        "ndnvim": "ndnvim",
        "ndtmux": "ndtmux",
        "ndvscode": "ndvscode",
        "nixie-clock": "nixie-clock",
        "nixpkgs": "nixpkgs_5",
        "note": "note",
        "notify": "notify",
        "pac": "pac",
        "shredder": "shredder",
        "translate": "translate",
        "utils": "utils_6",
        "vocab": "vocab"
      }
    },
    "shredder": {
      "inputs": {
        "nixpkgs": [
          "nixpkgs"
        ],
        "utils": [
          "utils"
        ]
      },
      "locked": {
        "lastModified": 1752693834,
        "narHash": "sha256-dAb6AHkyTFtk3y86zTPlosrle++RF+h8pgsdNenotRU=",
        "owner": "NewDawn0",
        "repo": "shredder",
        "rev": "15e54030ce595deb93370c8f0c6168a92ff16fb1",
        "type": "github"
      },
      "original": {
        "owner": "NewDawn0",
        "repo": "shredder",
        "type": "github"
      }
    },
    "translate": {
      "inputs": {
        "utils": [
          "utils"
        ]
      },
      "locked": {
        "lastModified": 1748414713,
        "narHash": "sha256-F6Fezz3XK2tkBOU1DH2oPfL5kwJ5iTjNQzFE0t7LKgo=",
        "owner": "NewDawn0",
        "repo": "translate",
        "rev": "1622554e621367dd27366399e21f5dbdafd7a730",
        "type": "github"
      },
      "original": {
        "owner": "NewDawn0",
        "repo": "translate",
        "type": "github"
      }
    },
    "translate_2": {
      "inputs": {
        "utils": [
          "vocab",
          "utils"
        ]
      },
      "locked": {
        "lastModified": 1748414713,
        "narHash": "sha256-F6Fezz3XK2tkBOU1DH2oPfL5kwJ5iTjNQzFE0t7LKgo=",
        "owner": "NewDawn0",
        "repo": "translate",
        "rev": "1622554e621367dd27366399e21f5dbdafd7a730",
        "type": "github"
      },
      "original": {
        "owner": "NewDawn0",
        "repo": "translate",
        "type": "github"
      }
    },
    "utils": {
      "inputs": {
        "nix-systems": "nix-systems",
        "nixpkgs": "nixpkgs"
      },
      "locked": {
        "lastModified": 1743862127,
        "narHash": "sha256-xAE3kOlNako3d1tB+ppnP2FCkct+hCbgOyMVKYrrzmY=",
        "owner": "NewDawn0",
        "repo": "nixUtils",
        "rev": "fd96a7ae8aaa84bb69928c5606975a1b7d222016",
        "type": "github"
      },
      "original": {
        "owner": "NewDawn0",
        "repo": "nixUtils",
        "type": "github"
      }
    },
    "utils_2": {
      "inputs": {
        "nix-systems": "nix-systems_2",
        "nixpkgs": [
          "ndnvim",
          "cmp-locked-nvim",
          "nixpkgs"
        ]
      },
      "locked": {
        "lastModified": 1745390014,
        "narHash": "sha256-fRr/v396NBj140H80PdZGdObGP7SLcDw5OKY1BgLSW0=",
        "owner": "NewDawn0",
        "repo": "nixUtils",
        "rev": "a8d08dbc5f64aaecd937e7f434330618f663c779",
        "type": "github"
      },
      "original": {
        "owner": "NewDawn0",
        "repo": "nixUtils",
        "type": "github"
      }
    },
    "utils_3": {
      "inputs": {
        "nix-systems": "nix-systems_3",
        "nixpkgs": [
          "ndnvim",
          "nixpkgs"
        ]
      },
      "locked": {
        "lastModified": 1745390014,
        "narHash": "sha256-fRr/v396NBj140H80PdZGdObGP7SLcDw5OKY1BgLSW0=",
        "owner": "NewDawn0",
        "repo": "nixUtils",
        "rev": "a8d08dbc5f64aaecd937e7f434330618f663c779",
        "type": "github"
      },
      "original": {
        "owner": "NewDawn0",
        "repo": "nixUtils",
        "type": "github"
      }
    },
    "utils_4": {
      "inputs": {
        "nix-systems": "nix-systems_4",
        "nixpkgs": "nixpkgs_4"
      },
      "locked": {
        "lastModified": 1743862127,
        "narHash": "sha256-xAE3kOlNako3d1tB+ppnP2FCkct+hCbgOyMVKYrrzmY=",
        "owner": "NewDawn0",
        "repo": "nixUtils",
        "rev": "fd96a7ae8aaa84bb69928c5606975a1b7d222016",
        "type": "github"
      },
      "original": {
        "owner": "NewDawn0",
        "repo": "nixUtils",
        "type": "github"
      }
    },
    "utils_5": {
      "inputs": {
        "nix-systems": "nix-systems_5",
        "nixpkgs": "nixpkgs_6"
      },
      "locked": {
        "lastModified": 1743862127,
        "narHash": "sha256-xAE3kOlNako3d1tB+ppnP2FCkct+hCbgOyMVKYrrzmY=",
        "owner": "NewDawn0",
        "repo": "nixUtils",
        "rev": "fd96a7ae8aaa84bb69928c5606975a1b7d222016",
        "type": "github"
      },
      "original": {
        "owner": "NewDawn0",
        "repo": "nixUtils",
        "type": "github"
      }
    },
    "utils_6": {
      "inputs": {
        "nixpkgs": [
          "nixpkgs"
        ]
      },
      "locked": {
        "lastModified": 1764541878,
        "narHash": "sha256-cBob3xTeIyQ5au8Du9pE21HBYE6AoFQWgtjd2a86Ylc=",
        "owner": "NewDawn0",
        "repo": "nixUtils",
        "rev": "457b59349d911519903a0f0c34c943cf019651e8",
        "type": "github"
      },
      "original": {
        "owner": "NewDawn0",
        "repo": "nixUtils",
        "type": "github"
      }
    },
    "vocab": {
      "inputs": {
        "translate": "translate_2",
        "utils": [
          "utils"
        ]
      },
      "locked": {
        "lastModified": 1748415096,
        "narHash": "sha256-IlAcZGqh2Wb+HqG9hu7HbYTLPfiPq/kRgu1qynccOOY=",
        "owner": "NewDawn0",
        "repo": "vocab",
        "rev": "b42645a976b06a126b145b13070ea89774509797",
        "type": "github"
      },
      "original": {
        "owner": "NewDawn0",
        "repo": "vocab",
        "type": "github"
      }
    }
  },
  "root": "root",
  "version": 7
}
